// !$*UTF8*$!
{
	archiveVersion = 1;
	classes = {
	};
	objectVersion = 50;
	objects = {

/* Begin PBXBuildFile section */
		846726EB2675F6E2007F5CB1 /* PersonDetailsViewController.swift in Sources */ = {isa = PBXBuildFile; fileRef = 846726EA2675F6E2007F5CB1 /* PersonDetailsViewController.swift */; };
		846726ED2676003F007F5CB1 /* GroupedPersonTableViewController.swift in Sources */ = {isa = PBXBuildFile; fileRef = 846726EC2676003F007F5CB1 /* GroupedPersonTableViewController.swift */; };
		846726EF26765914007F5CB1 /* PersonCustomCell.xib in Resources */ = {isa = PBXBuildFile; fileRef = 846726EE26765914007F5CB1 /* PersonCustomCell.xib */; };
		84D4BD462674ABBE00693BD8 /* AppDelegate.swift in Sources */ = {isa = PBXBuildFile; fileRef = 84D4BD452674ABBE00693BD8 /* AppDelegate.swift */; };
		84D4BD482674ABBE00693BD8 /* SceneDelegate.swift in Sources */ = {isa = PBXBuildFile; fileRef = 84D4BD472674ABBE00693BD8 /* SceneDelegate.swift */; };
		84D4BD4A2674ABBE00693BD8 /* PersonViewController.swift in Sources */ = {isa = PBXBuildFile; fileRef = 84D4BD492674ABBE00693BD8 /* PersonViewController.swift */; };
		84D4BD4D2674ABBE00693BD8 /* Main.storyboard in Resources */ = {isa = PBXBuildFile; fileRef = 84D4BD4B2674ABBE00693BD8 /* Main.storyboard */; };
		84D4BD4F2674ABC000693BD8 /* Assets.xcassets in Resources */ = {isa = PBXBuildFile; fileRef = 84D4BD4E2674ABC000693BD8 /* Assets.xcassets */; };
		84D4BD522674ABC000693BD8 /* LaunchScreen.storyboard in Resources */ = {isa = PBXBuildFile; fileRef = 84D4BD502674ABC000693BD8 /* LaunchScreen.storyboard */; };
		84D4BD5E2674ACC600693BD8 /* Person.swift in Sources */ = {isa = PBXBuildFile; fileRef = 84D4BD5D2674ACC600693BD8 /* Person.swift */; };
		84D4BD602674ACE900693BD8 /* DataManager.swift in Sources */ = {isa = PBXBuildFile; fileRef = 84D4BD5F2674ACE900693BD8 /* DataManager.swift */; };
/* End PBXBuildFile section */

/* Begin PBXFileReference section */
		846726EA2675F6E2007F5CB1 /* PersonDetailsViewController.swift */ = {isa = PBXFileReference; lastKnownFileType = sourcecode.swift; path = PersonDetailsViewController.swift; sourceTree = "<group>"; };
		846726EC2676003F007F5CB1 /* GroupedPersonTableViewController.swift */ = {isa = PBXFileReference; lastKnownFileType = sourcecode.swift; path = GroupedPersonTableViewController.swift; sourceTree = "<group>"; };
		846726EE26765914007F5CB1 /* PersonCustomCell.xib */ = {isa = PBXFileReference; lastKnownFileType = file.xib; path = PersonCustomCell.xib; sourceTree = "<group>"; };
		84D4BD422674ABBE00693BD8 /* Contacts.app */ = {isa = PBXFileReference; explicitFileType = wrapper.application; includeInIndex = 0; path = Contacts.app; sourceTree = BUILT_PRODUCTS_DIR; };
		84D4BD452674ABBE00693BD8 /* AppDelegate.swift */ = {isa = PBXFileReference; lastKnownFileType = sourcecode.swift; path = AppDelegate.swift; sourceTree = "<group>"; };
		84D4BD472674ABBE00693BD8 /* SceneDelegate.swift */ = {isa = PBXFileReference; lastKnownFileType = sourcecode.swift; path = SceneDelegate.swift; sourceTree = "<group>"; };
		84D4BD492674ABBE00693BD8 /* PersonViewController.swift */ = {isa = PBXFileReference; lastKnownFileType = sourcecode.swift; path = PersonViewController.swift; sourceTree = "<group>"; };
		84D4BD4C2674ABBE00693BD8 /* Base */ = {isa = PBXFileReference; lastKnownFileType = file.storyboard; name = Base; path = Base.lproj/Main.storyboard; sourceTree = "<group>"; };
		84D4BD4E2674ABC000693BD8 /* Assets.xcassets */ = {isa = PBXFileReference; lastKnownFileType = folder.assetcatalog; path = Assets.xcassets; sourceTree = "<group>"; };
		84D4BD512674ABC000693BD8 /* Base */ = {isa = PBXFileReference; lastKnownFileType = file.storyboard; name = Base; path = Base.lproj/LaunchScreen.storyboard; sourceTree = "<group>"; };
		84D4BD532674ABC000693BD8 /* Info.plist */ = {isa = PBXFileReference; lastKnownFileType = text.plist.xml; path = Info.plist; sourceTree = "<group>"; };
		84D4BD5D2674ACC600693BD8 /* Person.swift */ = {isa = PBXFileReference; lastKnownFileType = sourcecode.swift; path = Person.swift; sourceTree = "<group>"; };
		84D4BD5F2674ACE900693BD8 /* DataManager.swift */ = {isa = PBXFileReference; lastKnownFileType = sourcecode.swift; path = DataManager.swift; sourceTree = "<group>"; };
/* End PBXFileReference section */

/* Begin PBXFrameworksBuildPhase section */
		84D4BD3F2674ABBE00693BD8 /* Frameworks */ = {
			isa = PBXFrameworksBuildPhase;
			buildActionMask = 2147483647;
			files = (
			);
			runOnlyForDeploymentPostprocessing = 0;
		};
/* End PBXFrameworksBuildPhase section */

/* Begin PBXGroup section */
		84D4BD392674ABBE00693BD8 = {
			isa = PBXGroup;
			children = (
				84D4BD442674ABBE00693BD8 /* Contacts */,
				84D4BD432674ABBE00693BD8 /* Products */,
			);
			sourceTree = "<group>";
		};
		84D4BD432674ABBE00693BD8 /* Products */ = {
			isa = PBXGroup;
			children = (
				84D4BD422674ABBE00693BD8 /* Contacts.app */,
			);
			name = Products;
			sourceTree = "<group>";
		};
		84D4BD442674ABBE00693BD8 /* Contacts */ = {
			isa = PBXGroup;
			children = (
				84D4BD5C2674AC4700693BD8 /* Sources */,
				84D4BD5B2674AC3400693BD8 /* UI */,
				84D4BD5A2674AC1D00693BD8 /* ViewControllers */,
				84D4BD592674AC1100693BD8 /* Models */,
				84D4BD452674ABBE00693BD8 /* AppDelegate.swift */,
				84D4BD472674ABBE00693BD8 /* SceneDelegate.swift */,
				84D4BD532674ABC000693BD8 /* Info.plist */,
			);
			path = Contacts;
			sourceTree = "<group>";
		};
		84D4BD592674AC1100693BD8 /* Models */ = {
			isa = PBXGroup;
			children = (
				84D4BD5D2674ACC600693BD8 /* Person.swift */,
				84D4BD5F2674ACE900693BD8 /* DataManager.swift */,
			);
			path = Models;
			sourceTree = "<group>";
		};
		84D4BD5A2674AC1D00693BD8 /* ViewControllers */ = {
			isa = PBXGroup;
			children = (
				84D4BD492674ABBE00693BD8 /* PersonViewController.swift */,
				846726EA2675F6E2007F5CB1 /* PersonDetailsViewController.swift */,
				846726EC2676003F007F5CB1 /* GroupedPersonTableViewController.swift */,
			);
			path = ViewControllers;
			sourceTree = "<group>";
		};
		84D4BD5B2674AC3400693BD8 /* UI */ = {
			isa = PBXGroup;
			children = (
				84D4BD4B2674ABBE00693BD8 /* Main.storyboard */,
				84D4BD502674ABC000693BD8 /* LaunchScreen.storyboard */,
				846726EE26765914007F5CB1 /* PersonCustomCell.xib */,
			);
			path = UI;
			sourceTree = "<group>";
		};
		84D4BD5C2674AC4700693BD8 /* Sources */ = {
			isa = PBXGroup;
			children = (
				84D4BD4E2674ABC000693BD8 /* Assets.xcassets */,
			);
			path = Sources;
			sourceTree = "<group>";
		};
/* End PBXGroup section */

/* Begin PBXNativeTarget section */
		84D4BD412674ABBE00693BD8 /* Contacts */ = {
			isa = PBXNativeTarget;
			buildConfigurationList = 84D4BD562674ABC000693BD8 /* Build configuration list for PBXNativeTarget "Contacts" */;
			buildPhases = (
				84D4BD3E2674ABBE00693BD8 /* Sources */,
				84D4BD3F2674ABBE00693BD8 /* Frameworks */,
				84D4BD402674ABBE00693BD8 /* Resources */,
			);
			buildRules = (
			);
			dependencies = (
			);
			name = Contacts;
			productName = Contacts;
			productReference = 84D4BD422674ABBE00693BD8 /* Contacts.app */;
			productType = "com.apple.product-type.application";
		};
/* End PBXNativeTarget section */

/* Begin PBXProject section */
		84D4BD3A2674ABBE00693BD8 /* Project object */ = {
			isa = PBXProject;
			attributes = {
				LastSwiftUpdateCheck = 1250;
				LastUpgradeCheck = 1250;
				TargetAttributes = {
					84D4BD412674ABBE00693BD8 = {
						CreatedOnToolsVersion = 12.5;
					};
				};
			};
			buildConfigurationList = 84D4BD3D2674ABBE00693BD8 /* Build configuration list for PBXProject "Contacts" */;
			compatibilityVersion = "Xcode 9.3";
			developmentRegion = en;
			hasScannedForEncodings = 0;
			knownRegions = (
				en,
				Base,
			);
			mainGroup = 84D4BD392674ABBE00693BD8;
			productRefGroup = 84D4BD432674ABBE00693BD8 /* Products */;
			projectDirPath = "";
			projectRoot = "";
			targets = (
				84D4BD412674ABBE00693BD8 /* Contacts */,
			);
		};
/* End PBXProject section */

/* Begin PBXResourcesBuildPhase section */
		84D4BD402674ABBE00693BD8 /* Resources */ = {
			isa = PBXResourcesBuildPhase;
			buildActionMask = 2147483647;
			files = (
				84D4BD522674ABC000693BD8 /* LaunchScreen.storyboard in Resources */,
				84D4BD4F2674ABC000693BD8 /* Assets.xcassets in Resources */,
				84D4BD4D2674ABBE00693BD8 /* Main.storyboard in Resources */,
				846726EF26765914007F5CB1 /* PersonCustomCell.xib in Resources */,
			);
			runOnlyForDeploymentPostprocessing = 0;
		};
/* End PBXResourcesBuildPhase section */

/* Begin PBXSourcesBuildPhase section */
		84D4BD3E2674ABBE00693BD8 /* Sources */ = {
			isa = PBXSourcesBuildPhase;
			buildActionMask = 2147483647;
			files = (
				84D4BD5E2674ACC600693BD8 /* Person.swift in Sources */,
				84D4BD602674ACE900693BD8 /* DataManager.swift in Sources */,
				846726EB2675F6E2007F5CB1 /* PersonDetailsViewController.swift in Sources */,
				84D4BD4A2674ABBE00693BD8 /* PersonViewController.swift in Sources */,
				84D4BD462674ABBE00693BD8 /* AppDelegate.swift in Sources */,
				84D4BD482674ABBE00693BD8 /* SceneDelegate.swift in Sources */,
				846726ED2676003F007F5CB1 /* GroupedPersonTableViewController.swift in Sources */,
			);
			runOnlyForDeploymentPostprocessing = 0;
		};
/* End PBXSourcesBuildPhase section */

/* Begin PBXVariantGroup section */
		84D4BD4B2674ABBE00693BD8 /* Main.storyboard */ = {
			isa = PBXVariantGroup;
			children = (
				84D4BD4C2674ABBE00693BD8 /* Base */,
			);
			name = Main.storyboard;
			sourceTree = "<group>";
		};
		84D4BD502674ABC000693BD8 /* LaunchScreen.storyboard */ = {
			isa = PBXVariantGroup;
			children = (
				84D4BD512674ABC000693BD8 /* Base */,
			);
			name = LaunchScreen.storyboard;
			sourceTree = "<group>";
		};
/* End PBXVariantGroup section */

/* Begin XCBuildConfiguration section */
		84D4BD542674ABC000693BD8 /* Debug */ = {
			isa = XCBuildConfiguration;
			buildSettings = {
				ALWAYS_SEARCH_USER_PATHS = NO;
				CLANG_ANALYZER_NONNULL = YES;
				CLANG_ANALYZER_NUMBER_OBJECT_CONVERSION = YES_AGGRESSIVE;
				CLANG_CXX_LANGUAGE_STANDARD = "gnu++14";
				CLANG_CXX_LIBRARY = "libc++";
				CLANG_ENABLE_MODULES = YES;
				CLANG_ENABLE_OBJC_ARC = YES;
				CLANG_ENABLE_OBJC_WEAK = YES;
				CLANG_WARN_BLOCK_CAPTURE_AUTORELEASING = YES;
				CLANG_WARN_BOOL_CONVERSION = YES;
				CLANG_WARN_COMMA = YES;
				CLANG_WARN_CONSTANT_CONVERSION = YES;
				CLANG_WARN_DEPRECATED_OBJC_IMPLEMENTATIONS = YES;
				CLANG_WARN_DIRECT_OBJC_ISA_USAGE = YES_ERROR;
				CLANG_WARN_DOCUMENTATION_COMMENTS = YES;
				CLANG_WARN_EMPTY_BODY = YES;
				CLANG_WARN_ENUM_CONVERSION = YES;
				CLANG_WARN_INFINITE_RECURSION = YES;
				CLANG_WARN_INT_CONVERSION = YES;
				CLANG_WARN_NON_LITERAL_NULL_CONVERSION = YES;
				CLANG_WARN_OBJC_IMPLICIT_RETAIN_SELF = YES;
				CLANG_WARN_OBJC_LITERAL_CONVERSION = YES;
				CLANG_WARN_OBJC_ROOT_CLASS = YES_ERROR;
				CLANG_WARN_QUOTED_INCLUDE_IN_FRAMEWORK_HEADER = YES;
				CLANG_WARN_RANGE_LOOP_ANALYSIS = YES;
				CLANG_WARN_STRICT_PROTOTYPES = YES;
				CLANG_WARN_SUSPICIOUS_MOVE = YES;
				CLANG_WARN_UNGUARDED_AVAILABILITY = YES_AGGRESSIVE;
				CLANG_WARN_UNREACHABLE_CODE = YES;
				CLANG_WARN__DUPLICATE_METHOD_MATCH = YES;
				COPY_PHASE_STRIP = NO;
				DEBUG_INFORMATION_FORMAT = dwarf;
				ENABLE_STRICT_OBJC_MSGSEND = YES;
				ENABLE_TESTABILITY = YES;
				GCC_C_LANGUAGE_STANDARD = gnu11;
				GCC_DYNAMIC_NO_PIC = NO;
				GCC_NO_COMMON_BLOCKS = YES;
				GCC_OPTIMIZATION_LEVEL = 0;
				GCC_PREPROCESSOR_DEFINITIONS = (
					"DEBUG=1",
					"$(inherited)",
				);
				GCC_WARN_64_TO_32_BIT_CONVERSION = YES;
				GCC_WARN_ABOUT_RETURN_TYPE = YES_ERROR;
				GCC_WARN_UNDECLARED_SELECTOR = YES;
				GCC_WARN_UNINITIALIZED_AUTOS = YES_AGGRESSIVE;
				GCC_WARN_UNUSED_FUNCTION = YES;
				GCC_WARN_UNUSED_VARIABLE = YES;
				IPHONEOS_DEPLOYMENT_TARGET = 14.5;
				MTL_ENABLE_DEBUG_INFO = INCLUDE_SOURCE;
				MTL_FAST_MATH = YES;
				ONLY_ACTIVE_ARCH = YES;
				SDKROOT = iphoneos;
				SWIFT_ACTIVE_COMPILATION_CONDITIONS = DEBUG;
				SWIFT_OPTIMIZATION_LEVEL = "-Onone";
			};
			name = Debug;
		};
		84D4BD552674ABC000693BD8 /* Release */ = {
			isa = XCBuildConfiguration;
			buildSettings = {
				ALWAYS_SEARCH_USER_PATHS = NO;
				CLANG_ANALYZER_NONNULL = YES;
				CLANG_ANALYZER_NUMBER_OBJECT_CONVERSION = YES_AGGRESSIVE;
				CLANG_CXX_LANGUAGE_STANDARD = "gnu++14";
				CLANG_CXX_LIBRARY = "libc++";
				CLANG_ENABLE_MODULES = YES;
				CLANG_ENABLE_OBJC_ARC = YES;
				CLANG_ENABLE_OBJC_WEAK = YES;
				CLANG_WARN_BLOCK_CAPTURE_AUTORELEASING = YES;
				CLANG_WARN_BOOL_CONVERSION = YES;
				CLANG_WARN_COMMA = YES;
				CLANG_WARN_CONSTANT_CONVERSION = YES;
				CLANG_WARN_DEPRECATED_OBJC_IMPLEMENTATIONS = YES;
				CLANG_WARN_DIRECT_OBJC_ISA_USAGE = YES_ERROR;
				CLANG_WARN_DOCUMENTATION_COMMENTS = YES;
				CLANG_WARN_EMPTY_BODY = YES;
				CLANG_WARN_ENUM_CONVERSION = YES;
				CLANG_WARN_INFINITE_RECURSION = YES;
				CLANG_WARN_INT_CONVERSION = YES;
				CLANG_WARN_NON_LITERAL_NULL_CONVERSION = YES;
				CLANG_WARN_OBJC_IMPLICIT_RETAIN_SELF = YES;
				CLANG_WARN_OBJC_LITERAL_CONVERSION = YES;
				CLANG_WARN_OBJC_ROOT_CLASS = YES_ERROR;
				CLANG_WARN_QUOTED_INCLUDE_IN_FRAMEWORK_HEADER = YES;
				CLANG_WARN_RANGE_LOOP_ANALYSIS = YES;
				CLANG_WARN_STRICT_PROTOTYPES = YES;
				CLANG_WARN_SUSPICIOUS_MOVE = YES;
				CLANG_WARN_UNGUARDED_AVAILABILITY = YES_AGGRESSIVE;
				CLANG_WARN_UNREACHABLE_CODE = YES;
				CLANG_WARN__DUPLICATE_METHOD_MATCH = YES;
				COPY_PHASE_STRIP = NO;
				DEBUG_INFORMATION_FORMAT = "dwarf-with-dsym";
				ENABLE_NS_ASSERTIONS = NO;
				ENABLE_STRICT_OBJC_MSGSEND = YES;
				GCC_C_LANGUAGE_STANDARD = gnu11;
				GCC_NO_COMMON_BLOCKS = YES;
				GCC_WARN_64_TO_32_BIT_CONVERSION = YES;
				GCC_WARN_ABOUT_RETURN_TYPE = YES_ERROR;
				GCC_WARN_UNDECLARED_SELECTOR = YES;
				GCC_WARN_UNINITIALIZED_AUTOS = YES_AGGRESSIVE;
				GCC_WARN_UNUSED_FUNCTION = YES;
				GCC_WARN_UNUSED_VARIABLE = YES;
				IPHONEOS_DEPLOYMENT_TARGET = 14.5;
				MTL_ENABLE_DEBUG_INFO = NO;
				MTL_FAST_MATH = YES;
				SDKROOT = iphoneos;
				SWIFT_COMPILATION_MODE = wholemodule;
				SWIFT_OPTIMIZATION_LEVEL = "-O";
				VALIDATE_PRODUCT = YES;
			};
			name = Release;
		};
		84D4BD572674ABC000693BD8 /* Debug */ = {
			isa = XCBuildConfiguration;
			buildSettings = {
				ASSETCATALOG_COMPILER_APPICON_NAME = AppIcon;
				ASSETCATALOG_COMPILER_GLOBAL_ACCENT_COLOR_NAME = AccentColor;
				CODE_SIGN_STYLE = Automatic;
				INFOPLIST_FILE = Contacts/Info.plist;
				IPHONEOS_DEPLOYMENT_TARGET = 13.0;
				LD_RUNPATH_SEARCH_PATHS = (
					"$(inherited)",
					"@executable_path/Frameworks",
				);
				PRODUCT_BUNDLE_IDENTIFIER = com.VSTsyganov.Contacts;
				PRODUCT_NAME = "$(TARGET_NAME)";
				SWIFT_VERSION = 5.0;
				TARGETED_DEVICE_FAMILY = "1,2";
			};
			name = Debug;
		};
		84D4BD582674ABC000693BD8 /* Release */ = {
			isa = XCBuildConfiguration;
			buildSettings = {
				ASSETCATALOG_COMPILER_APPICON_NAME = AppIcon;
				ASSETCATALOG_COMPILER_GLOBAL_ACCENT_COLOR_NAME = AccentColor;
				CODE_SIGN_STYLE = Automatic;
				INFOPLIST_FILE = Contacts/Info.plist;
				IPHONEOS_DEPLOYMENT_TARGET = 13.0;
				LD_RUNPATH_SEARCH_PATHS = (
					"$(inherited)",
					"@executable_path/Frameworks",
				);
				PRODUCT_BUNDLE_IDENTIFIER = com.VSTsyganov.Contacts;
				PRODUCT_NAME = "$(TARGET_NAME)";
				SWIFT_VERSION = 5.0;
				TARGETED_DEVICE_FAMILY = "1,2";
			};
			name = Release;
		};
/* End XCBuildConfiguration section */

/* Begin XCConfigurationList section */
		84D4BD3D2674ABBE00693BD8 /* Build configuration list for PBXProject "Contacts" */ = {
			isa = XCConfigurationList;
			buildConfigurations = (
				84D4BD542674ABC000693BD8 /* Debug */,
				84D4BD552674ABC000693BD8 /* Release */,
			);
			defaultConfigurationIsVisible = 0;
			defaultConfigurationName = Release;
		};
		84D4BD562674ABC000693BD8 /* Build configuration list for PBXNativeTarget "Contacts" */ = {
			isa = XCConfigurationList;
			buildConfigurations = (
				84D4BD572674ABC000693BD8 /* Debug */,
				84D4BD582674ABC000693BD8 /* Release */,
			);
			defaultConfigurationIsVisible = 0;
			defaultConfigurationName = Release;
		};
/* End XCConfigurationList section */
	};
	rootObject = 84D4BD3A2674ABBE00693BD8 /* Project object */;
}
